
Microsoft Visual Studio Solution File, Format Version 12.00
# Visual Studio 15
VisualStudioVersion = 15.0.27703.2042
MinimumVisualStudioVersion = 10.0.40219.1
Project("{FAE04EC0-301F-11D3-BF4B-00C04F79EFBC}") = "BankSim", "BankSim\BankSim.csproj", "{4F3C6DE0-AE8C-4E15-B5E3-164B45AB366E}"
EndProject
Global
	GlobalSection(SolutionConfigurationPlatforms) = preSolution
		Debug|Any CPU = Debug|Any CPU
		Release|Any CPU = Release|Any CPU
	EndGlobalSection
	GlobalSection(ProjectConfigurationPlatforms) = postSolution
		{4F3C6DE0-AE8C-4E15-B5E3-164B45AB366E}.Debug|Any CPU.ActiveCfg = Debug|Any CPU
		{4F3C6DE0-AE8C-4E15-B5E3-164B45AB366E}.Debug|Any CPU.Build.0 = Debug|Any CPU
		{4F3C6DE0-AE8C-4E15-B5E3-164B45AB366E}.Release|Any CPU.ActiveCfg = Release|Any CPU
		{4F3C6DE0-AE8C-4E15-B5E3-164B45AB366E}.Release|Any CPU.Build.0 = Release|Any CPU
	EndGlobalSection
	GlobalSection(SolutionProperties) = preSolution
		HideSolutionNode = FALSE
	EndGlobalSection
	GlobalSection(ExtensibilityGlobals) = postSolution
		SolutionGuid = {902B00A5-8D2E-4A2E-AE1A-3E8479589EBE}
	EndGlobalSection
EndGlobal
